
Microsoft Visual Studio Solution File, Format Version 12.00
# Visual Studio 15
VisualStudioVersion = 15.0.26430.4
MinimumVisualStudioVersion = 10.0.40219.1
Project("{FAE04EC0-301F-11D3-BF4B-00C04F79EFBC}") = "informix.Web", "informix.Web\informix.Web.csproj", "{246EC0EB-4DC7-44C2-A336-E98C1718F155}"
EndProject
Project("{FAE04EC0-301F-11D3-BF4B-00C04F79EFBC}") = "informix.IDAL", "informix.IDAL\informix.IDAL.csproj", "{DA18CB3F-9A59-43F7-BC35-1495E90CD6CF}"
EndProject
Project("{FAE04EC0-301F-11D3-BF4B-00C04F79EFBC}") = "informix.Model", "informix.Model\informix.Model.csproj", "{BF25FBD8-E124-4824-B16B-E028822E1669}"
EndProject
Project("{FAE04EC0-301F-11D3-BF4B-00C04F79EFBC}") = "informix.OracleDAL", "informix.OracleDAL\informix.OracleDAL.csproj", "{18B004A7-F733-48CA-A2C4-9F01685AF14A}"
EndProject
Project("{FAE04EC0-301F-11D3-BF4B-00C04F79EFBC}") = "informix.BLL", "informix.BLL\informix.BLL.csproj", "{D22A2174-A848-4872-B474-53E5070C3466}"
EndProject
Project("{FAE04EC0-301F-11D3-BF4B-00C04F79EFBC}") = "informix.DBUtility", "informix.DBUtility\informix.DBUtility.csproj", "{05D5E9D0-4CE9-436F-AB71-295D5DC433CC}"
EndProject
Project("{FAE04EC0-301F-11D3-BF4B-00C04F79EFBC}") = "informix.SQLServerDAL", "informix.SQLServerDAL\informix.SQLServerDAL.csproj", "{43D684C1-44B3-4D33-A776-0E58B135541B}"
EndProject
Project("{FAE04EC0-301F-11D3-BF4B-00C04F79EFBC}") = "informix.DALFactory", "informix.DALFactory\informix.DALFactory.csproj", "{AADC7E64-331C-46C8-9ADA-48AF9B6ECB87}"
EndProject
Project("{FAE04EC0-301F-11D3-BF4B-00C04F79EFBC}") = "informix.WebApi", "informix.WebApi\informix.WebApi.csproj", "{C607B20A-A38F-4E7A-8D7D-40DCF08CD89E}"
EndProject
Global
	GlobalSection(SolutionConfigurationPlatforms) = preSolution
		Debug|Any CPU = Debug|Any CPU
		Debug|ARM = Debug|ARM
		Debug|x64 = Debug|x64
		Debug|x86 = Debug|x86
		Release|Any CPU = Release|Any CPU
		Release|ARM = Release|ARM
		Release|x64 = Release|x64
		Release|x86 = Release|x86
	EndGlobalSection
	GlobalSection(ProjectConfigurationPlatforms) = postSolution
		{246EC0EB-4DC7-44C2-A336-E98C1718F155}.Debug|Any CPU.ActiveCfg = Debug|Any CPU
		{246EC0EB-4DC7-44C2-A336-E98C1718F155}.Debug|Any CPU.Build.0 = Debug|Any CPU
		{246EC0EB-4DC7-44C2-A336-E98C1718F155}.Debug|ARM.ActiveCfg = Debug|Any CPU
		{246EC0EB-4DC7-44C2-A336-E98C1718F155}.Debug|ARM.Build.0 = Debug|Any CPU
		{246EC0EB-4DC7-44C2-A336-E98C1718F155}.Debug|x64.ActiveCfg = Debug|Any CPU
		{246EC0EB-4DC7-44C2-A336-E98C1718F155}.Debug|x64.Build.0 = Debug|Any CPU
		{246EC0EB-4DC7-44C2-A336-E98C1718F155}.Debug|x86.ActiveCfg = Debug|Any CPU
		{246EC0EB-4DC7-44C2-A336-E98C1718F155}.Debug|x86.Build.0 = Debug|Any CPU
		{246EC0EB-4DC7-44C2-A336-E98C1718F155}.Release|Any CPU.ActiveCfg = Release|Any CPU
		{246EC0EB-4DC7-44C2-A336-E98C1718F155}.Release|Any CPU.Build.0 = Release|Any CPU
		{246EC0EB-4DC7-44C2-A336-E98C1718F155}.Release|ARM.ActiveCfg = Release|Any CPU
		{246EC0EB-4DC7-44C2-A336-E98C1718F155}.Release|ARM.Build.0 = Release|Any CPU
		{246EC0EB-4DC7-44C2-A336-E98C1718F155}.Release|x64.ActiveCfg = Release|Any CPU
		{246EC0EB-4DC7-44C2-A336-E98C1718F155}.Release|x64.Build.0 = Release|Any CPU
		{246EC0EB-4DC7-44C2-A336-E98C1718F155}.Release|x86.ActiveCfg = Release|Any CPU
		{246EC0EB-4DC7-44C2-A336-E98C1718F155}.Release|x86.Build.0 = Release|Any CPU
		{DA18CB3F-9A59-43F7-BC35-1495E90CD6CF}.Debug|Any CPU.ActiveCfg = Debug|Any CPU
		{DA18CB3F-9A59-43F7-BC35-1495E90CD6CF}.Debug|Any CPU.Build.0 = Debug|Any CPU
		{DA18CB3F-9A59-43F7-BC35-1495E90CD6CF}.Debug|ARM.ActiveCfg = Debug|Any CPU
		{DA18CB3F-9A59-43F7-BC35-1495E90CD6CF}.Debug|ARM.Build.0 = Debug|Any CPU
		{DA18CB3F-9A59-43F7-BC35-1495E90CD6CF}.Debug|x64.ActiveCfg = Debug|Any CPU
		{DA18CB3F-9A59-43F7-BC35-1495E90CD6CF}.Debug|x64.Build.0 = Debug|Any CPU
		{DA18CB3F-9A59-43F7-BC35-1495E90CD6CF}.Debug|x86.ActiveCfg = Debug|Any CPU
		{DA18CB3F-9A59-43F7-BC35-1495E90CD6CF}.Debug|x86.Build.0 = Debug|Any CPU
		{DA18CB3F-9A59-43F7-BC35-1495E90CD6CF}.Release|Any CPU.ActiveCfg = Release|Any CPU
		{DA18CB3F-9A59-43F7-BC35-1495E90CD6CF}.Release|Any CPU.Build.0 = Release|Any CPU
		{DA18CB3F-9A59-43F7-BC35-1495E90CD6CF}.Release|ARM.ActiveCfg = Release|Any CPU
		{DA18CB3F-9A59-43F7-BC35-1495E90CD6CF}.Release|ARM.Build.0 = Release|Any CPU
		{DA18CB3F-9A59-43F7-BC35-1495E90CD6CF}.Release|x64.ActiveCfg = Release|Any CPU
		{DA18CB3F-9A59-43F7-BC35-1495E90CD6CF}.Release|x64.Build.0 = Release|Any CPU
		{DA18CB3F-9A59-43F7-BC35-1495E90CD6CF}.Release|x86.ActiveCfg = Release|Any CPU
		{DA18CB3F-9A59-43F7-BC35-1495E90CD6CF}.Release|x86.Build.0 = Release|Any CPU
		{BF25FBD8-E124-4824-B16B-E028822E1669}.Debug|Any CPU.ActiveCfg = Debug|Any CPU
		{BF25FBD8-E124-4824-B16B-E028822E1669}.Debug|Any CPU.Build.0 = Debug|Any CPU
		{BF25FBD8-E124-4824-B16B-E028822E1669}.Debug|ARM.ActiveCfg = Debug|Any CPU
		{BF25FBD8-E124-4824-B16B-E028822E1669}.Debug|ARM.Build.0 = Debug|Any CPU
		{BF25FBD8-E124-4824-B16B-E028822E1669}.Debug|x64.ActiveCfg = Debug|Any CPU
		{BF25FBD8-E124-4824-B16B-E028822E1669}.Debug|x64.Build.0 = Debug|Any CPU
		{BF25FBD8-E124-4824-B16B-E028822E1669}.Debug|x86.ActiveCfg = Debug|Any CPU
		{BF25FBD8-E124-4824-B16B-E028822E1669}.Debug|x86.Build.0 = Debug|Any CPU
		{BF25FBD8-E124-4824-B16B-E028822E1669}.Release|Any CPU.ActiveCfg = Release|Any CPU
		{BF25FBD8-E124-4824-B16B-E028822E1669}.Release|Any CPU.Build.0 = Release|Any CPU
		{BF25FBD8-E124-4824-B16B-E028822E1669}.Release|ARM.ActiveCfg = Release|Any CPU
		{BF25FBD8-E124-4824-B16B-E028822E1669}.Release|ARM.Build.0 = Release|Any CPU
		{BF25FBD8-E124-4824-B16B-E028822E1669}.Release|x64.ActiveCfg = Release|Any CPU
		{BF25FBD8-E124-4824-B16B-E028822E1669}.Release|x64.Build.0 = Release|Any CPU
		{BF25FBD8-E124-4824-B16B-E028822E1669}.Release|x86.ActiveCfg = Release|Any CPU
		{BF25FBD8-E124-4824-B16B-E028822E1669}.Release|x86.Build.0 = Release|Any CPU
		{18B004A7-F733-48CA-A2C4-9F01685AF14A}.Debug|Any CPU.ActiveCfg = Debug|Any CPU
		{18B004A7-F733-48CA-A2C4-9F01685AF14A}.Debug|Any CPU.Build.0 = Debug|Any CPU
		{18B004A7-F733-48CA-A2C4-9F01685AF14A}.Debug|ARM.ActiveCfg = Debug|Any CPU
		{18B004A7-F733-48CA-A2C4-9F01685AF14A}.Debug|ARM.Build.0 = Debug|Any CPU
		{18B004A7-F733-48CA-A2C4-9F01685AF14A}.Debug|x64.ActiveCfg = Debug|Any CPU
		{18B004A7-F733-48CA-A2C4-9F01685AF14A}.Debug|x64.Build.0 = Debug|Any CPU
		{18B004A7-F733-48CA-A2C4-9F01685AF14A}.Debug|x86.ActiveCfg = Debug|Any CPU
		{18B004A7-F733-48CA-A2C4-9F01685AF14A}.Debug|x86.Build.0 = Debug|Any CPU
		{18B004A7-F733-48CA-A2C4-9F01685AF14A}.Release|Any CPU.ActiveCfg = Release|Any CPU
		{18B004A7-F733-48CA-A2C4-9F01685AF14A}.Release|Any CPU.Build.0 = Release|Any CPU
		{18B004A7-F733-48CA-A2C4-9F01685AF14A}.Release|ARM.ActiveCfg = Release|Any CPU
		{18B004A7-F733-48CA-A2C4-9F01685AF14A}.Release|ARM.Build.0 = Release|Any CPU
		{18B004A7-F733-48CA-A2C4-9F01685AF14A}.Release|x64.ActiveCfg = Release|Any CPU
		{18B004A7-F733-48CA-A2C4-9F01685AF14A}.Release|x64.Build.0 = Release|Any CPU
		{18B004A7-F733-48CA-A2C4-9F01685AF14A}.Release|x86.ActiveCfg = Release|Any CPU
		{18B004A7-F733-48CA-A2C4-9F01685AF14A}.Release|x86.Build.0 = Release|Any CPU
		{D22A2174-A848-4872-B474-53E5070C3466}.Debug|Any CPU.ActiveCfg = Debug|Any CPU
		{D22A2174-A848-4872-B474-53E5070C3466}.Debug|Any CPU.Build.0 = Debug|Any CPU
		{D22A2174-A848-4872-B474-53E5070C3466}.Debug|ARM.ActiveCfg = Debug|Any CPU
		{D22A2174-A848-4872-B474-53E5070C3466}.Debug|ARM.Build.0 = Debug|Any CPU
		{D22A2174-A848-4872-B474-53E5070C3466}.Debug|x64.ActiveCfg = Debug|Any CPU
		{D22A2174-A848-4872-B474-53E5070C3466}.Debug|x64.Build.0 = Debug|Any CPU
		{D22A2174-A848-4872-B474-53E5070C3466}.Debug|x86.ActiveCfg = Debug|Any CPU
		{D22A2174-A848-4872-B474-53E5070C3466}.Debug|x86.Build.0 = Debug|Any CPU
		{D22A2174-A848-4872-B474-53E5070C3466}.Release|Any CPU.ActiveCfg = Release|Any CPU
		{D22A2174-A848-4872-B474-53E5070C3466}.Release|Any CPU.Build.0 = Release|Any CPU
		{D22A2174-A848-4872-B474-53E5070C3466}.Release|ARM.ActiveCfg = Release|Any CPU
		{D22A2174-A848-4872-B474-53E5070C3466}.Release|ARM.Build.0 = Release|Any CPU
		{D22A2174-A848-4872-B474-53E5070C3466}.Release|x64.ActiveCfg = Release|Any CPU
		{D22A2174-A848-4872-B474-53E5070C3466}.Release|x64.Build.0 = Release|Any CPU
		{D22A2174-A848-4872-B474-53E5070C3466}.Release|x86.ActiveCfg = Release|Any CPU
		{D22A2174-A848-4872-B474-53E5070C3466}.Release|x86.Build.0 = Release|Any CPU
		{05D5E9D0-4CE9-436F-AB71-295D5DC433CC}.Debug|Any CPU.ActiveCfg = Debug|Any CPU
		{05D5E9D0-4CE9-436F-AB71-295D5DC433CC}.Debug|Any CPU.Build.0 = Debug|Any CPU
		{05D5E9D0-4CE9-436F-AB71-295D5DC433CC}.Debug|ARM.ActiveCfg = Debug|Any CPU
		{05D5E9D0-4CE9-436F-AB71-295D5DC433CC}.Debug|ARM.Build.0 = Debug|Any CPU
		{05D5E9D0-4CE9-436F-AB71-295D5DC433CC}.Debug|x64.ActiveCfg = Debug|Any CPU
		{05D5E9D0-4CE9-436F-AB71-295D5DC433CC}.Debug|x64.Build.0 = Debug|Any CPU
		{05D5E9D0-4CE9-436F-AB71-295D5DC433CC}.Debug|x86.ActiveCfg = Debug|Any CPU
		{05D5E9D0-4CE9-436F-AB71-295D5DC433CC}.Debug|x86.Build.0 = Debug|Any CPU
		{05D5E9D0-4CE9-436F-AB71-295D5DC433CC}.Release|Any CPU.ActiveCfg = Release|Any CPU
		{05D5E9D0-4CE9-436F-AB71-295D5DC433CC}.Release|Any CPU.Build.0 = Release|Any CPU
		{05D5E9D0-4CE9-436F-AB71-295D5DC433CC}.Release|ARM.ActiveCfg = Release|Any CPU
		{05D5E9D0-4CE9-436F-AB71-295D5DC433CC}.Release|ARM.Build.0 = Release|Any CPU
		{05D5E9D0-4CE9-436F-AB71-295D5DC433CC}.Release|x64.ActiveCfg = Release|Any CPU
		{05D5E9D0-4CE9-436F-AB71-295D5DC433CC}.Release|x64.Build.0 = Release|Any CPU
		{05D5E9D0-4CE9-436F-AB71-295D5DC433CC}.Release|x86.ActiveCfg = Release|Any CPU
		{05D5E9D0-4CE9-436F-AB71-295D5DC433CC}.Release|x86.Build.0 = Release|Any CPU
		{43D684C1-44B3-4D33-A776-0E58B135541B}.Debug|Any CPU.ActiveCfg = Debug|Any CPU
		{43D684C1-44B3-4D33-A776-0E58B135541B}.Debug|Any CPU.Build.0 = Debug|Any CPU
		{43D684C1-44B3-4D33-A776-0E58B135541B}.Debug|ARM.ActiveCfg = Debug|Any CPU
		{43D684C1-44B3-4D33-A776-0E58B135541B}.Debug|ARM.Build.0 = Debug|Any CPU
		{43D684C1-44B3-4D33-A776-0E58B135541B}.Debug|x64.ActiveCfg = Debug|Any CPU
		{43D684C1-44B3-4D33-A776-0E58B135541B}.Debug|x64.Build.0 = Debug|Any CPU
		{43D684C1-44B3-4D33-A776-0E58B135541B}.Debug|x86.ActiveCfg = Debug|Any CPU
		{43D684C1-44B3-4D33-A776-0E58B135541B}.Debug|x86.Build.0 = Debug|Any CPU
		{43D684C1-44B3-4D33-A776-0E58B135541B}.Release|Any CPU.ActiveCfg = Release|Any CPU
		{43D684C1-44B3-4D33-A776-0E58B135541B}.Release|Any CPU.Build.0 = Release|Any CPU
		{43D684C1-44B3-4D33-A776-0E58B135541B}.Release|ARM.ActiveCfg = Release|Any CPU
		{43D684C1-44B3-4D33-A776-0E58B135541B}.Release|ARM.Build.0 = Release|Any CPU
		{43D684C1-44B3-4D33-A776-0E58B135541B}.Release|x64.ActiveCfg = Release|Any CPU
		{43D684C1-44B3-4D33-A776-0E58B135541B}.Release|x64.Build.0 = Release|Any CPU
		{43D684C1-44B3-4D33-A776-0E58B135541B}.Release|x86.ActiveCfg = Release|Any CPU
		{43D684C1-44B3-4D33-A776-0E58B135541B}.Release|x86.Build.0 = Release|Any CPU
		{AADC7E64-331C-46C8-9ADA-48AF9B6ECB87}.Debug|Any CPU.ActiveCfg = Debug|Any CPU
		{AADC7E64-331C-46C8-9ADA-48AF9B6ECB87}.Debug|Any CPU.Build.0 = Debug|Any CPU
		{AADC7E64-331C-46C8-9ADA-48AF9B6ECB87}.Debug|ARM.ActiveCfg = Debug|Any CPU
		{AADC7E64-331C-46C8-9ADA-48AF9B6ECB87}.Debug|ARM.Build.0 = Debug|Any CPU
		{AADC7E64-331C-46C8-9ADA-48AF9B6ECB87}.Debug|x64.ActiveCfg = Debug|Any CPU
		{AADC7E64-331C-46C8-9ADA-48AF9B6ECB87}.Debug|x64.Build.0 = Debug|Any CPU
		{AADC7E64-331C-46C8-9ADA-48AF9B6ECB87}.Debug|x86.ActiveCfg = Debug|Any CPU
		{AADC7E64-331C-46C8-9ADA-48AF9B6ECB87}.Debug|x86.Build.0 = Debug|Any CPU
		{AADC7E64-331C-46C8-9ADA-48AF9B6ECB87}.Release|Any CPU.ActiveCfg = Release|Any CPU
		{AADC7E64-331C-46C8-9ADA-48AF9B6ECB87}.Release|Any CPU.Build.0 = Release|Any CPU
		{AADC7E64-331C-46C8-9ADA-48AF9B6ECB87}.Release|ARM.ActiveCfg = Release|Any CPU
		{AADC7E64-331C-46C8-9ADA-48AF9B6ECB87}.Release|ARM.Build.0 = Release|Any CPU
		{AADC7E64-331C-46C8-9ADA-48AF9B6ECB87}.Release|x64.ActiveCfg = Release|Any CPU
		{AADC7E64-331C-46C8-9ADA-48AF9B6ECB87}.Release|x64.Build.0 = Release|Any CPU
		{AADC7E64-331C-46C8-9ADA-48AF9B6ECB87}.Release|x86.ActiveCfg = Release|Any CPU
		{AADC7E64-331C-46C8-9ADA-48AF9B6ECB87}.Release|x86.Build.0 = Release|Any CPU
		{C607B20A-A38F-4E7A-8D7D-40DCF08CD89E}.Debug|Any CPU.ActiveCfg = Debug|Any CPU
		{C607B20A-A38F-4E7A-8D7D-40DCF08CD89E}.Debug|Any CPU.Build.0 = Debug|Any CPU
		{C607B20A-A38F-4E7A-8D7D-40DCF08CD89E}.Debug|ARM.ActiveCfg = Debug|Any CPU
		{C607B20A-A38F-4E7A-8D7D-40DCF08CD89E}.Debug|ARM.Build.0 = Debug|Any CPU
		{C607B20A-A38F-4E7A-8D7D-40DCF08CD89E}.Debug|x64.ActiveCfg = Debug|Any CPU
		{C607B20A-A38F-4E7A-8D7D-40DCF08CD89E}.Debug|x64.Build.0 = Debug|Any CPU
		{C607B20A-A38F-4E7A-8D7D-40DCF08CD89E}.Debug|x86.ActiveCfg = Debug|Any CPU
		{C607B20A-A38F-4E7A-8D7D-40DCF08CD89E}.Debug|x86.Build.0 = Debug|Any CPU
		{C607B20A-A38F-4E7A-8D7D-40DCF08CD89E}.Release|Any CPU.ActiveCfg = Release|Any CPU
		{C607B20A-A38F-4E7A-8D7D-40DCF08CD89E}.Release|Any CPU.Build.0 = Release|Any CPU
		{C607B20A-A38F-4E7A-8D7D-40DCF08CD89E}.Release|ARM.ActiveCfg = Release|Any CPU
		{C607B20A-A38F-4E7A-8D7D-40DCF08CD89E}.Release|ARM.Build.0 = Release|Any CPU
		{C607B20A-A38F-4E7A-8D7D-40DCF08CD89E}.Release|x64.ActiveCfg = Release|Any CPU
		{C607B20A-A38F-4E7A-8D7D-40DCF08CD89E}.Release|x64.Build.0 = Release|Any CPU
		{C607B20A-A38F-4E7A-8D7D-40DCF08CD89E}.Release|x86.ActiveCfg = Release|Any CPU
		{C607B20A-A38F-4E7A-8D7D-40DCF08CD89E}.Release|x86.Build.0 = Release|Any CPU
	EndGlobalSection
	GlobalSection(SolutionProperties) = preSolution
		HideSolutionNode = FALSE
	EndGlobalSection
	GlobalSection(ExtensibilityGlobals) = postSolution
		SolutionGuid = {D9DA5ACF-4D30-4D20-B49B-05308363B8BD}
	EndGlobalSection
EndGlobal
